
Microsoft Visual Studio Solution File, Format Version 12.00
# Visual Studio Version 17
VisualStudioVersion = 17.5.33414.496
MinimumVisualStudioVersion = 10.0.40219.1
Project("{FAE04EC0-301F-11D3-BF4B-00C04F79EFBC}") = "BoilerPlateApi", "BoilerPlateApi.csproj", "{84BFED6A-964C-4237-BF69-52DA5D996D7C}"
EndProject
Global
	GlobalSection(SolutionConfigurationPlatforms) = preSolution
		Debug|Any CPU = Debug|Any CPU
		Release|Any CPU = Release|Any CPU
	EndGlobalSection
	GlobalSection(ProjectConfigurationPlatforms) = postSolution
		{84BFED6A-964C-4237-BF69-52DA5D996D7C}.Debug|Any CPU.ActiveCfg = Debug|Any CPU
		{84BFED6A-964C-4237-BF69-52DA5D996D7C}.Debug|Any CPU.Build.0 = Debug|Any CPU
		{84BFED6A-964C-4237-BF69-52DA5D996D7C}.Release|Any CPU.ActiveCfg = Release|Any CPU
		{84BFED6A-964C-4237-BF69-52DA5D996D7C}.Release|Any CPU.Build.0 = Release|Any CPU
	EndGlobalSection
	GlobalSection(SolutionProperties) = preSolution
		HideSolutionNode = FALSE
	EndGlobalSection
	GlobalSection(ExtensibilityGlobals) = postSolution
		SolutionGuid = {6FC6A286-72F7-42EE-8DAA-F6688131260C}
	EndGlobalSection
EndGlobal
